
Microsoft Visual Studio Solution File, Format Version 12.00
# Visual Studio 2012
Project("{FAE04EC0-301F-11D3-BF4B-00C04F79EFBC}") = "LiquidNET", "src\LiquidNET\LiquidNET.csproj", "{90BFC70D-A775-4D19-B1F9-7E2C538DCDA0}"
EndProject
Global
	GlobalSection(SolutionConfigurationPlatforms) = preSolution
		Debug|Any CPU = Debug|Any CPU
		Release|Any CPU = Release|Any CPU
	EndGlobalSection
	GlobalSection(ProjectConfigurationPlatforms) = postSolution
		{90BFC70D-A775-4D19-B1F9-7E2C538DCDA0}.Debug|Any CPU.ActiveCfg = Debug|Any CPU
		{90BFC70D-A775-4D19-B1F9-7E2C538DCDA0}.Debug|Any CPU.Build.0 = Debug|Any CPU
		{90BFC70D-A775-4D19-B1F9-7E2C538DCDA0}.Release|Any CPU.ActiveCfg = Release|Any CPU
		{90BFC70D-A775-4D19-B1F9-7E2C538DCDA0}.Release|Any CPU.Build.0 = Release|Any CPU
	EndGlobalSection
	GlobalSection(SolutionProperties) = preSolution
		HideSolutionNode = FALSE
	EndGlobalSection
EndGlobal
